// !$*UTF8*$!
{
	archiveVersion = 1;
	classes = {
	};
	objectVersion = 56;
	objects = {

/* Begin PBXBuildFile section */
		BC9502D52C1AEA21004070B8 /* AppDelegate.swift in Sources */ = {isa = PBXBuildFile; fileRef = BC9502D42C1AEA21004070B8 /* AppDelegate.swift */; };
		BC9502D72C1AEA21004070B8 /* SceneDelegate.swift in Sources */ = {isa = PBXBuildFile; fileRef = BC9502D62C1AEA21004070B8 /* SceneDelegate.swift */; };
		BC9502D92C1AEA21004070B8 /* ViewController.swift in Sources */ = {isa = PBXBuildFile; fileRef = BC9502D82C1AEA21004070B8 /* ViewController.swift */; };
		BC9502DE2C1AEA22004070B8 /* Assets.xcassets in Resources */ = {isa = PBXBuildFile; fileRef = BC9502DD2C1AEA22004070B8 /* Assets.xcassets */; };
		BC9502E12C1AEA22004070B8 /* Base in Resources */ = {isa = PBXBuildFile; fileRef = BC9502E02C1AEA22004070B8 /* Base */; };
		BC9502E92C1AEAE4004070B8 /* .gitignore in Resources */ = {isa = PBXBuildFile; fileRef = BC9502E82C1AEAE4004070B8 /* .gitignore */; };
		BC9502EC2C1AEBB9004070B8 /* APIKey.swift in Sources */ = {isa = PBXBuildFile; fileRef = BC9502EB2C1AEBB9004070B8 /* APIKey.swift */; };
		BC9502EF2C1AF04B004070B8 /* IQKeyboardManagerSwift in Frameworks */ = {isa = PBXBuildFile; productRef = BC9502EE2C1AF04B004070B8 /* IQKeyboardManagerSwift */; };
		BC9502F22C1AF053004070B8 /* Alamofire in Frameworks */ = {isa = PBXBuildFile; productRef = BC9502F12C1AF053004070B8 /* Alamofire */; };
		BC9502F52C1AF05B004070B8 /* Kingfisher in Frameworks */ = {isa = PBXBuildFile; productRef = BC9502F42C1AF05B004070B8 /* Kingfisher */; };
		BC9502F82C1AF07F004070B8 /* SnapKit in Frameworks */ = {isa = PBXBuildFile; productRef = BC9502F72C1AF07F004070B8 /* SnapKit */; };
		BC9502FB2C1AF087004070B8 /* Then in Frameworks */ = {isa = PBXBuildFile; productRef = BC9502FA2C1AF087004070B8 /* Then */; };
/* End PBXBuildFile section */

/* Begin PBXFileReference section */
		BC9502D12C1AEA21004070B8 /* MyCart.app */ = {isa = PBXFileReference; explicitFileType = wrapper.application; includeInIndex = 0; path = MyCart.app; sourceTree = BUILT_PRODUCTS_DIR; };
		BC9502D42C1AEA21004070B8 /* AppDelegate.swift */ = {isa = PBXFileReference; lastKnownFileType = sourcecode.swift; path = AppDelegate.swift; sourceTree = "<group>"; };
		BC9502D62C1AEA21004070B8 /* SceneDelegate.swift */ = {isa = PBXFileReference; lastKnownFileType = sourcecode.swift; path = SceneDelegate.swift; sourceTree = "<group>"; };
		BC9502D82C1AEA21004070B8 /* ViewController.swift */ = {isa = PBXFileReference; lastKnownFileType = sourcecode.swift; path = ViewController.swift; sourceTree = "<group>"; };
		BC9502DD2C1AEA22004070B8 /* Assets.xcassets */ = {isa = PBXFileReference; lastKnownFileType = folder.assetcatalog; path = Assets.xcassets; sourceTree = "<group>"; };
		BC9502E02C1AEA22004070B8 /* Base */ = {isa = PBXFileReference; lastKnownFileType = file.storyboard; name = Base; path = Base.lproj/LaunchScreen.storyboard; sourceTree = "<group>"; };
		BC9502E22C1AEA22004070B8 /* Info.plist */ = {isa = PBXFileReference; lastKnownFileType = text.plist.xml; path = Info.plist; sourceTree = "<group>"; };
		BC9502E82C1AEAE4004070B8 /* .gitignore */ = {isa = PBXFileReference; lastKnownFileType = text; path = .gitignore; sourceTree = "<group>"; };
		BC9502EB2C1AEBB9004070B8 /* APIKey.swift */ = {isa = PBXFileReference; lastKnownFileType = sourcecode.swift; path = APIKey.swift; sourceTree = "<group>"; };
/* End PBXFileReference section */

/* Begin PBXFrameworksBuildPhase section */
		BC9502CE2C1AEA21004070B8 /* Frameworks */ = {
			isa = PBXFrameworksBuildPhase;
			buildActionMask = 2147483647;
			files = (
				BC9502FB2C1AF087004070B8 /* Then in Frameworks */,
				BC9502F52C1AF05B004070B8 /* Kingfisher in Frameworks */,
				BC9502F82C1AF07F004070B8 /* SnapKit in Frameworks */,
				BC9502EF2C1AF04B004070B8 /* IQKeyboardManagerSwift in Frameworks */,
				BC9502F22C1AF053004070B8 /* Alamofire in Frameworks */,
			);
			runOnlyForDeploymentPostprocessing = 0;
		};
/* End PBXFrameworksBuildPhase section */

/* Begin PBXGroup section */
		BC9502C82C1AEA21004070B8 = {
			isa = PBXGroup;
			children = (
				BC9502E82C1AEAE4004070B8 /* .gitignore */,
				BC9502D32C1AEA21004070B8 /* MyCart */,
				BC9502D22C1AEA21004070B8 /* Products */,
			);
			sourceTree = "<group>";
		};
		BC9502D22C1AEA21004070B8 /* Products */ = {
			isa = PBXGroup;
			children = (
				BC9502D12C1AEA21004070B8 /* MyCart.app */,
			);
			name = Products;
			sourceTree = "<group>";
		};
		BC9502D32C1AEA21004070B8 /* MyCart */ = {
			isa = PBXGroup;
			children = (
				BC9502EA2C1AEBAB004070B8 /* API */,
				BC9502D42C1AEA21004070B8 /* AppDelegate.swift */,
				BC9502D62C1AEA21004070B8 /* SceneDelegate.swift */,
				BC9502D82C1AEA21004070B8 /* ViewController.swift */,
				BC9502DD2C1AEA22004070B8 /* Assets.xcassets */,
				BC9502DF2C1AEA22004070B8 /* LaunchScreen.storyboard */,
				BC9502E22C1AEA22004070B8 /* Info.plist */,
			);
			path = MyCart;
			sourceTree = "<group>";
		};
		BC9502EA2C1AEBAB004070B8 /* API */ = {
			isa = PBXGroup;
			children = (
				BC9502EB2C1AEBB9004070B8 /* APIKey.swift */,
			);
			path = API;
			sourceTree = "<group>";
		};
/* End PBXGroup section */

/* Begin PBXNativeTarget section */
		BC9502D02C1AEA21004070B8 /* MyCart */ = {
			isa = PBXNativeTarget;
			buildConfigurationList = BC9502E52C1AEA22004070B8 /* Build configuration list for PBXNativeTarget "MyCart" */;
			buildPhases = (
				BC9502CD2C1AEA21004070B8 /* Sources */,
				BC9502CE2C1AEA21004070B8 /* Frameworks */,
				BC9502CF2C1AEA21004070B8 /* Resources */,
			);
			buildRules = (
			);
			dependencies = (
			);
			name = MyCart;
			packageProductDependencies = (
				BC9502EE2C1AF04B004070B8 /* IQKeyboardManagerSwift */,
				BC9502F12C1AF053004070B8 /* Alamofire */,
				BC9502F42C1AF05B004070B8 /* Kingfisher */,
				BC9502F72C1AF07F004070B8 /* SnapKit */,
				BC9502FA2C1AF087004070B8 /* Then */,
			);
			productName = MyCart;
			productReference = BC9502D12C1AEA21004070B8 /* MyCart.app */;
			productType = "com.apple.product-type.application";
		};
/* End PBXNativeTarget section */

/* Begin PBXProject section */
		BC9502C92C1AEA21004070B8 /* Project object */ = {
			isa = PBXProject;
			attributes = {
				BuildIndependentTargetsInParallel = 1;
				LastSwiftUpdateCheck = 1540;
				LastUpgradeCheck = 1540;
				TargetAttributes = {
					BC9502D02C1AEA21004070B8 = {
						CreatedOnToolsVersion = 15.4;
					};
				};
			};
			buildConfigurationList = BC9502CC2C1AEA21004070B8 /* Build configuration list for PBXProject "MyCart" */;
			compatibilityVersion = "Xcode 14.0";
			developmentRegion = en;
			hasScannedForEncodings = 0;
			knownRegions = (
				en,
				Base,
			);
			mainGroup = BC9502C82C1AEA21004070B8;
			packageReferences = (
				BC9502ED2C1AF04B004070B8 /* XCRemoteSwiftPackageReference "IQKeyboardManager" */,
				BC9502F02C1AF053004070B8 /* XCRemoteSwiftPackageReference "Alamofire" */,
				BC9502F32C1AF05B004070B8 /* XCRemoteSwiftPackageReference "Kingfisher" */,
				BC9502F62C1AF07F004070B8 /* XCRemoteSwiftPackageReference "SnapKit" */,
				BC9502F92C1AF087004070B8 /* XCRemoteSwiftPackageReference "Then" */,
			);
			productRefGroup = BC9502D22C1AEA21004070B8 /* Products */;
			projectDirPath = "";
			projectRoot = "";
			targets = (
				BC9502D02C1AEA21004070B8 /* MyCart */,
			);
		};
/* End PBXProject section */

/* Begin PBXResourcesBuildPhase section */
		BC9502CF2C1AEA21004070B8 /* Resources */ = {
			isa = PBXResourcesBuildPhase;
			buildActionMask = 2147483647;
			files = (
				BC9502DE2C1AEA22004070B8 /* Assets.xcassets in Resources */,
				BC9502E92C1AEAE4004070B8 /* .gitignore in Resources */,
				BC9502E12C1AEA22004070B8 /* Base in Resources */,
			);
			runOnlyForDeploymentPostprocessing = 0;
		};
/* End PBXResourcesBuildPhase section */

/* Begin PBXSourcesBuildPhase section */
		BC9502CD2C1AEA21004070B8 /* Sources */ = {
			isa = PBXSourcesBuildPhase;
			buildActionMask = 2147483647;
			files = (
				BC9502D92C1AEA21004070B8 /* ViewController.swift in Sources */,
				BC9502D52C1AEA21004070B8 /* AppDelegate.swift in Sources */,
				BC9502EC2C1AEBB9004070B8 /* APIKey.swift in Sources */,
				BC9502D72C1AEA21004070B8 /* SceneDelegate.swift in Sources */,
			);
			runOnlyForDeploymentPostprocessing = 0;
		};
/* End PBXSourcesBuildPhase section */

/* Begin PBXVariantGroup section */
		BC9502DF2C1AEA22004070B8 /* LaunchScreen.storyboard */ = {
			isa = PBXVariantGroup;
			children = (
				BC9502E02C1AEA22004070B8 /* Base */,
			);
			name = LaunchScreen.storyboard;
			sourceTree = "<group>";
		};
/* End PBXVariantGroup section */

/* Begin XCBuildConfiguration section */
		BC9502E32C1AEA22004070B8 /* Debug */ = {
			isa = XCBuildConfiguration;
			buildSettings = {
				ALWAYS_SEARCH_USER_PATHS = NO;
				ASSETCATALOG_COMPILER_GENERATE_SWIFT_ASSET_SYMBOL_EXTENSIONS = YES;
				CLANG_ANALYZER_NONNULL = YES;
				CLANG_ANALYZER_NUMBER_OBJECT_CONVERSION = YES_AGGRESSIVE;
				CLANG_CXX_LANGUAGE_STANDARD = "gnu++20";
				CLANG_ENABLE_MODULES = YES;
				CLANG_ENABLE_OBJC_ARC = YES;
				CLANG_ENABLE_OBJC_WEAK = YES;
				CLANG_WARN_BLOCK_CAPTURE_AUTORELEASING = YES;
				CLANG_WARN_BOOL_CONVERSION = YES;
				CLANG_WARN_COMMA = YES;
				CLANG_WARN_CONSTANT_CONVERSION = YES;
				CLANG_WARN_DEPRECATED_OBJC_IMPLEMENTATIONS = YES;
				CLANG_WARN_DIRECT_OBJC_ISA_USAGE = YES_ERROR;
				CLANG_WARN_DOCUMENTATION_COMMENTS = YES;
				CLANG_WARN_EMPTY_BODY = YES;
				CLANG_WARN_ENUM_CONVERSION = YES;
				CLANG_WARN_INFINITE_RECURSION = YES;
				CLANG_WARN_INT_CONVERSION = YES;
				CLANG_WARN_NON_LITERAL_NULL_CONVERSION = YES;
				CLANG_WARN_OBJC_IMPLICIT_RETAIN_SELF = YES;
				CLANG_WARN_OBJC_LITERAL_CONVERSION = YES;
				CLANG_WARN_OBJC_ROOT_CLASS = YES_ERROR;
				CLANG_WARN_QUOTED_INCLUDE_IN_FRAMEWORK_HEADER = YES;
				CLANG_WARN_RANGE_LOOP_ANALYSIS = YES;
				CLANG_WARN_STRICT_PROTOTYPES = YES;
				CLANG_WARN_SUSPICIOUS_MOVE = YES;
				CLANG_WARN_UNGUARDED_AVAILABILITY = YES_AGGRESSIVE;
				CLANG_WARN_UNREACHABLE_CODE = YES;
				CLANG_WARN__DUPLICATE_METHOD_MATCH = YES;
				COPY_PHASE_STRIP = NO;
				DEBUG_INFORMATION_FORMAT = dwarf;
				ENABLE_STRICT_OBJC_MSGSEND = YES;
				ENABLE_TESTABILITY = YES;
				ENABLE_USER_SCRIPT_SANDBOXING = YES;
				GCC_C_LANGUAGE_STANDARD = gnu17;
				GCC_DYNAMIC_NO_PIC = NO;
				GCC_NO_COMMON_BLOCKS = YES;
				GCC_OPTIMIZATION_LEVEL = 0;
				GCC_PREPROCESSOR_DEFINITIONS = (
					"DEBUG=1",
					"$(inherited)",
				);
				GCC_WARN_64_TO_32_BIT_CONVERSION = YES;
				GCC_WARN_ABOUT_RETURN_TYPE = YES_ERROR;
				GCC_WARN_UNDECLARED_SELECTOR = YES;
				GCC_WARN_UNINITIALIZED_AUTOS = YES_AGGRESSIVE;
				GCC_WARN_UNUSED_FUNCTION = YES;
				GCC_WARN_UNUSED_VARIABLE = YES;
				IPHONEOS_DEPLOYMENT_TARGET = 17.5;
				LOCALIZATION_PREFERS_STRING_CATALOGS = YES;
				MTL_ENABLE_DEBUG_INFO = INCLUDE_SOURCE;
				MTL_FAST_MATH = YES;
				ONLY_ACTIVE_ARCH = YES;
				SDKROOT = iphoneos;
				SWIFT_ACTIVE_COMPILATION_CONDITIONS = "DEBUG $(inherited)";
				SWIFT_OPTIMIZATION_LEVEL = "-Onone";
			};
			name = Debug;
		};
		BC9502E42C1AEA22004070B8 /* Release */ = {
			isa = XCBuildConfiguration;
			buildSettings = {
				ALWAYS_SEARCH_USER_PATHS = NO;
				ASSETCATALOG_COMPILER_GENERATE_SWIFT_ASSET_SYMBOL_EXTENSIONS = YES;
				CLANG_ANALYZER_NONNULL = YES;
				CLANG_ANALYZER_NUMBER_OBJECT_CONVERSION = YES_AGGRESSIVE;
				CLANG_CXX_LANGUAGE_STANDARD = "gnu++20";
				CLANG_ENABLE_MODULES = YES;
				CLANG_ENABLE_OBJC_ARC = YES;
				CLANG_ENABLE_OBJC_WEAK = YES;
				CLANG_WARN_BLOCK_CAPTURE_AUTORELEASING = YES;
				CLANG_WARN_BOOL_CONVERSION = YES;
				CLANG_WARN_COMMA = YES;
				CLANG_WARN_CONSTANT_CONVERSION = YES;
				CLANG_WARN_DEPRECATED_OBJC_IMPLEMENTATIONS = YES;
				CLANG_WARN_DIRECT_OBJC_ISA_USAGE = YES_ERROR;
				CLANG_WARN_DOCUMENTATION_COMMENTS = YES;
				CLANG_WARN_EMPTY_BODY = YES;
				CLANG_WARN_ENUM_CONVERSION = YES;
				CLANG_WARN_INFINITE_RECURSION = YES;
				CLANG_WARN_INT_CONVERSION = YES;
				CLANG_WARN_NON_LITERAL_NULL_CONVERSION = YES;
				CLANG_WARN_OBJC_IMPLICIT_RETAIN_SELF = YES;
				CLANG_WARN_OBJC_LITERAL_CONVERSION = YES;
				CLANG_WARN_OBJC_ROOT_CLASS = YES_ERROR;
				CLANG_WARN_QUOTED_INCLUDE_IN_FRAMEWORK_HEADER = YES;
				CLANG_WARN_RANGE_LOOP_ANALYSIS = YES;
				CLANG_WARN_STRICT_PROTOTYPES = YES;
				CLANG_WARN_SUSPICIOUS_MOVE = YES;
				CLANG_WARN_UNGUARDED_AVAILABILITY = YES_AGGRESSIVE;
				CLANG_WARN_UNREACHABLE_CODE = YES;
				CLANG_WARN__DUPLICATE_METHOD_MATCH = YES;
				COPY_PHASE_STRIP = NO;
				DEBUG_INFORMATION_FORMAT = "dwarf-with-dsym";
				ENABLE_NS_ASSERTIONS = NO;
				ENABLE_STRICT_OBJC_MSGSEND = YES;
				ENABLE_USER_SCRIPT_SANDBOXING = YES;
				GCC_C_LANGUAGE_STANDARD = gnu17;
				GCC_NO_COMMON_BLOCKS = YES;
				GCC_WARN_64_TO_32_BIT_CONVERSION = YES;
				GCC_WARN_ABOUT_RETURN_TYPE = YES_ERROR;
				GCC_WARN_UNDECLARED_SELECTOR = YES;
				GCC_WARN_UNINITIALIZED_AUTOS = YES_AGGRESSIVE;
				GCC_WARN_UNUSED_FUNCTION = YES;
				GCC_WARN_UNUSED_VARIABLE = YES;
				IPHONEOS_DEPLOYMENT_TARGET = 17.5;
				LOCALIZATION_PREFERS_STRING_CATALOGS = YES;
				MTL_ENABLE_DEBUG_INFO = NO;
				MTL_FAST_MATH = YES;
				SDKROOT = iphoneos;
				SWIFT_COMPILATION_MODE = wholemodule;
				VALIDATE_PRODUCT = YES;
			};
			name = Release;
		};
		BC9502E62C1AEA22004070B8 /* Debug */ = {
			isa = XCBuildConfiguration;
			buildSettings = {
				ASSETCATALOG_COMPILER_APPICON_NAME = AppIcon;
				ASSETCATALOG_COMPILER_GLOBAL_ACCENT_COLOR_NAME = AccentColor;
				CODE_SIGN_STYLE = Automatic;
				CURRENT_PROJECT_VERSION = 1;
				DEVELOPMENT_TEAM = F8FT97JYZT;
				GENERATE_INFOPLIST_FILE = YES;
				INFOPLIST_FILE = MyCart/Info.plist;
				INFOPLIST_KEY_UIApplicationSupportsIndirectInputEvents = YES;
				INFOPLIST_KEY_UILaunchStoryboardName = LaunchScreen;
				INFOPLIST_KEY_UISupportedInterfaceOrientations = "UIInterfaceOrientationLandscapeRight UIInterfaceOrientationPortrait";
				INFOPLIST_KEY_UISupportedInterfaceOrientations_iPad = UIInterfaceOrientationPortrait;
				IPHONEOS_DEPLOYMENT_TARGET = 15.0;
				LD_RUNPATH_SEARCH_PATHS = (
					"$(inherited)",
					"@executable_path/Frameworks",
				);
				MARKETING_VERSION = 1.0;
				PRODUCT_BUNDLE_IDENTIFIER = tunastorm.MyCart;
				PRODUCT_NAME = "$(TARGET_NAME)";
				SUPPORTED_PLATFORMS = "iphoneos iphonesimulator";
				SUPPORTS_MACCATALYST = NO;
				SUPPORTS_MAC_DESIGNED_FOR_IPHONE_IPAD = NO;
				SUPPORTS_XR_DESIGNED_FOR_IPHONE_IPAD = NO;
				SWIFT_EMIT_LOC_STRINGS = YES;
				SWIFT_VERSION = 5.0;
				TARGETED_DEVICE_FAMILY = 1;
			};
			name = Debug;
		};
		BC9502E72C1AEA22004070B8 /* Release */ = {
			isa = XCBuildConfiguration;
			buildSettings = {
				ASSETCATALOG_COMPILER_APPICON_NAME = AppIcon;
				ASSETCATALOG_COMPILER_GLOBAL_ACCENT_COLOR_NAME = AccentColor;
				CODE_SIGN_STYLE = Automatic;
				CURRENT_PROJECT_VERSION = 1;
				DEVELOPMENT_TEAM = F8FT97JYZT;
				GENERATE_INFOPLIST_FILE = YES;
				INFOPLIST_FILE = MyCart/Info.plist;
				INFOPLIST_KEY_UIApplicationSupportsIndirectInputEvents = YES;
				INFOPLIST_KEY_UILaunchStoryboardName = LaunchScreen;
				INFOPLIST_KEY_UISupportedInterfaceOrientations = "UIInterfaceOrientationLandscapeRight UIInterfaceOrientationPortrait";
				INFOPLIST_KEY_UISupportedInterfaceOrientations_iPad = UIInterfaceOrientationPortrait;
				IPHONEOS_DEPLOYMENT_TARGET = 15.0;
				LD_RUNPATH_SEARCH_PATHS = (
					"$(inherited)",
					"@executable_path/Frameworks",
				);
				MARKETING_VERSION = 1.0;
				PRODUCT_BUNDLE_IDENTIFIER = tunastorm.MyCart;
				PRODUCT_NAME = "$(TARGET_NAME)";
				SUPPORTED_PLATFORMS = "iphoneos iphonesimulator";
				SUPPORTS_MACCATALYST = NO;
				SUPPORTS_MAC_DESIGNED_FOR_IPHONE_IPAD = NO;
				SUPPORTS_XR_DESIGNED_FOR_IPHONE_IPAD = NO;
				SWIFT_EMIT_LOC_STRINGS = YES;
				SWIFT_VERSION = 5.0;
				TARGETED_DEVICE_FAMILY = 1;
			};
			name = Release;
		};
/* End XCBuildConfiguration section */

/* Begin XCConfigurationList section */
		BC9502CC2C1AEA21004070B8 /* Build configuration list for PBXProject "MyCart" */ = {
			isa = XCConfigurationList;
			buildConfigurations = (
				BC9502E32C1AEA22004070B8 /* Debug */,
				BC9502E42C1AEA22004070B8 /* Release */,
			);
			defaultConfigurationIsVisible = 0;
			defaultConfigurationName = Release;
		};
		BC9502E52C1AEA22004070B8 /* Build configuration list for PBXNativeTarget "MyCart" */ = {
			isa = XCConfigurationList;
			buildConfigurations = (
				BC9502E62C1AEA22004070B8 /* Debug */,
				BC9502E72C1AEA22004070B8 /* Release */,
			);
			defaultConfigurationIsVisible = 0;
			defaultConfigurationName = Release;
		};
/* End XCConfigurationList section */

/* Begin XCRemoteSwiftPackageReference section */
		BC9502ED2C1AF04B004070B8 /* XCRemoteSwiftPackageReference "IQKeyboardManager" */ = {
			isa = XCRemoteSwiftPackageReference;
			repositoryURL = "https://github.com/hackiftekhar/IQKeyboardManager.git";
			requirement = {
				kind = upToNextMajorVersion;
				minimumVersion = 7.0.3;
			};
		};
		BC9502F02C1AF053004070B8 /* XCRemoteSwiftPackageReference "Alamofire" */ = {
			isa = XCRemoteSwiftPackageReference;
			repositoryURL = "https://github.com/Alamofire/Alamofire.git";
			requirement = {
				kind = upToNextMajorVersion;
				minimumVersion = 5.9.1;
			};
		};
		BC9502F32C1AF05B004070B8 /* XCRemoteSwiftPackageReference "Kingfisher" */ = {
			isa = XCRemoteSwiftPackageReference;
			repositoryURL = "https://github.com/onevcat/Kingfisher.git";
			requirement = {
				kind = upToNextMajorVersion;
				minimumVersion = 7.12.0;
			};
		};
		BC9502F62C1AF07F004070B8 /* XCRemoteSwiftPackageReference "SnapKit" */ = {
			isa = XCRemoteSwiftPackageReference;
			repositoryURL = "https://github.com/SnapKit/SnapKit.git";
			requirement = {
				kind = upToNextMajorVersion;
				minimumVersion = 5.7.1;
			};
		};
		BC9502F92C1AF087004070B8 /* XCRemoteSwiftPackageReference "Then" */ = {
			isa = XCRemoteSwiftPackageReference;
			repositoryURL = "https://github.com/devxoul/Then.git";
			requirement = {
				kind = upToNextMajorVersion;
				minimumVersion = 3.0.0;
			};
		};
/* End XCRemoteSwiftPackageReference section */

/* Begin XCSwiftPackageProductDependency section */
		BC9502EE2C1AF04B004070B8 /* IQKeyboardManagerSwift */ = {
			isa = XCSwiftPackageProductDependency;
			package = BC9502ED2C1AF04B004070B8 /* XCRemoteSwiftPackageReference "IQKeyboardManager" */;
			productName = IQKeyboardManagerSwift;
		};
		BC9502F12C1AF053004070B8 /* Alamofire */ = {
			isa = XCSwiftPackageProductDependency;
			package = BC9502F02C1AF053004070B8 /* XCRemoteSwiftPackageReference "Alamofire" */;
			productName = Alamofire;
		};
		BC9502F42C1AF05B004070B8 /* Kingfisher */ = {
			isa = XCSwiftPackageProductDependency;
			package = BC9502F32C1AF05B004070B8 /* XCRemoteSwiftPackageReference "Kingfisher" */;
			productName = Kingfisher;
		};
		BC9502F72C1AF07F004070B8 /* SnapKit */ = {
			isa = XCSwiftPackageProductDependency;
			package = BC9502F62C1AF07F004070B8 /* XCRemoteSwiftPackageReference "SnapKit" */;
			productName = SnapKit;
		};
		BC9502FA2C1AF087004070B8 /* Then */ = {
			isa = XCSwiftPackageProductDependency;
			package = BC9502F92C1AF087004070B8 /* XCRemoteSwiftPackageReference "Then" */;
			productName = Then;
		};
/* End XCSwiftPackageProductDependency section */
	};
	rootObject = BC9502C92C1AEA21004070B8 /* Project object */;
}
